
Microsoft Visual Studio Solution File, Format Version 12.00
# Visual Studio Version 17
VisualStudioVersion = 17.10.35122.118
MinimumVisualStudioVersion = 10.0.40219.1
Project("{FAE04EC0-301F-11D3-BF4B-00C04F79EFBC}") = "Dabox.MindmapControl", "Dabox.MindmapControl\Dabox.MindmapControl.csproj", "{FDC965CD-2DF3-4AB5-BD4A-E56EB0C2040B}"
EndProject
Project("{FAE04EC0-301F-11D3-BF4B-00C04F79EFBC}") = "Dabox.MindmapControl.Example", "Dabox.MindmapControl.Example\Dabox.MindmapControl.Example.csproj", "{699ED89E-FA6E-4203-8195-EE2D7AD212CC}"
EndProject
Global
	GlobalSection(SolutionConfigurationPlatforms) = preSolution
		Debug|Any CPU = Debug|Any CPU
		Release|Any CPU = Release|Any CPU
	EndGlobalSection
	GlobalSection(ProjectConfigurationPlatforms) = postSolution
		{FDC965CD-2DF3-4AB5-BD4A-E56EB0C2040B}.Debug|Any CPU.ActiveCfg = Debug|Any CPU
		{FDC965CD-2DF3-4AB5-BD4A-E56EB0C2040B}.Debug|Any CPU.Build.0 = Debug|Any CPU
		{FDC965CD-2DF3-4AB5-BD4A-E56EB0C2040B}.Release|Any CPU.ActiveCfg = Release|Any CPU
		{FDC965CD-2DF3-4AB5-BD4A-E56EB0C2040B}.Release|Any CPU.Build.0 = Release|Any CPU
		{699ED89E-FA6E-4203-8195-EE2D7AD212CC}.Debug|Any CPU.ActiveCfg = Debug|Any CPU
		{699ED89E-FA6E-4203-8195-EE2D7AD212CC}.Debug|Any CPU.Build.0 = Debug|Any CPU
		{699ED89E-FA6E-4203-8195-EE2D7AD212CC}.Release|Any CPU.ActiveCfg = Release|Any CPU
		{699ED89E-FA6E-4203-8195-EE2D7AD212CC}.Release|Any CPU.Build.0 = Release|Any CPU
	EndGlobalSection
	GlobalSection(SolutionProperties) = preSolution
		HideSolutionNode = FALSE
	EndGlobalSection
	GlobalSection(ExtensibilityGlobals) = postSolution
		SolutionGuid = {0100A3E4-9ECA-4F25-9103-80FA8A465ED0}
	EndGlobalSection
EndGlobal
